
Microsoft Visual Studio Solution File, Format Version 12.00
# Visual Studio Version 17
VisualStudioVersion = 17.7.34031.279
MinimumVisualStudioVersion = 10.0.40219.1
Project("{FAE04EC0-301F-11D3-BF4B-00C04F79EFBC}") = "MovieDatabase", "MovieDatabase\MovieDatabase.csproj", "{6C9D4D1C-324F-432D-BBD0-FA9D9F71BDC8}"
EndProject
Global
	GlobalSection(SolutionConfigurationPlatforms) = preSolution
		Debug|Any CPU = Debug|Any CPU
		Release|Any CPU = Release|Any CPU
	EndGlobalSection
	GlobalSection(ProjectConfigurationPlatforms) = postSolution
		{6C9D4D1C-324F-432D-BBD0-FA9D9F71BDC8}.Debug|Any CPU.ActiveCfg = Debug|Any CPU
		{6C9D4D1C-324F-432D-BBD0-FA9D9F71BDC8}.Debug|Any CPU.Build.0 = Debug|Any CPU
		{6C9D4D1C-324F-432D-BBD0-FA9D9F71BDC8}.Release|Any CPU.ActiveCfg = Release|Any CPU
		{6C9D4D1C-324F-432D-BBD0-FA9D9F71BDC8}.Release|Any CPU.Build.0 = Release|Any CPU
	EndGlobalSection
	GlobalSection(SolutionProperties) = preSolution
		HideSolutionNode = FALSE
	EndGlobalSection
	GlobalSection(ExtensibilityGlobals) = postSolution
		SolutionGuid = {86ADBCC0-531B-4223-81F7-A106FC468B2B}
	EndGlobalSection
EndGlobal
